
Microsoft Visual Studio Solution File, Format Version 12.00
# Visual Studio Version 17
VisualStudioVersion = 17.13.35806.99 d17.13
MinimumVisualStudioVersion = 10.0.40219.1
Project("{8BC9CEB8-8B4A-11D0-8D11-00A0C91BC942}") = "data project", "data project.vcxproj", "{BADC3EE7-84FB-484A-A6F2-1D536D431942}"
EndProject
Global
	GlobalSection(SolutionConfigurationPlatforms) = preSolution
		Debug|x64 = Debug|x64
		Debug|x86 = Debug|x86
		Release|x64 = Release|x64
		Release|x86 = Release|x86
	EndGlobalSection
	GlobalSection(ProjectConfigurationPlatforms) = postSolution
		{BADC3EE7-84FB-484A-A6F2-1D536D431942}.Debug|x64.ActiveCfg = Debug|x64
		{BADC3EE7-84FB-484A-A6F2-1D536D431942}.Debug|x64.Build.0 = Debug|x64
		{BADC3EE7-84FB-484A-A6F2-1D536D431942}.Debug|x86.ActiveCfg = Debug|Win32
		{BADC3EE7-84FB-484A-A6F2-1D536D431942}.Debug|x86.Build.0 = Debug|Win32
		{BADC3EE7-84FB-484A-A6F2-1D536D431942}.Release|x64.ActiveCfg = Release|x64
		{BADC3EE7-84FB-484A-A6F2-1D536D431942}.Release|x64.Build.0 = Release|x64
		{BADC3EE7-84FB-484A-A6F2-1D536D431942}.Release|x86.ActiveCfg = Release|Win32
		{BADC3EE7-84FB-484A-A6F2-1D536D431942}.Release|x86.Build.0 = Release|Win32
	EndGlobalSection
	GlobalSection(SolutionProperties) = preSolution
		HideSolutionNode = FALSE
	EndGlobalSection
	GlobalSection(ExtensibilityGlobals) = postSolution
		SolutionGuid = {5DE0EA0B-BC83-42F6-AFE7-FC0AF0A1D42C}
	EndGlobalSection
EndGlobal
